
Microsoft Visual Studio Solution File, Format Version 12.00
# Visual Studio Version 17
VisualStudioVersion = 17.8.34330.188
MinimumVisualStudioVersion = 10.0.40219.1
Project("{9A19103F-16F7-4668-BE54-9A1E7A4F7556}") = "IbgeApp", "IbgeApp\IbgeApp.csproj", "{80107C66-49C5-4828-973C-45E9E349290F}"
EndProject
Project("{9A19103F-16F7-4668-BE54-9A1E7A4F7556}") = "IbgeApp.Client", "IbgeApp.Client\IbgeApp.Client.csproj", "{6279EC5D-4377-4B13-9518-003BE6CE5D16}"
EndProject
Project("{9A19103F-16F7-4668-BE54-9A1E7A4F7556}") = "IbgeApp.API.Excel", "IbgeApp.API.Excel\IbgeApp.API.Excel.csproj", "{4688BCF6-A17F-47E7-A3EE-21F1DAF678EA}"
EndProject
Global
	GlobalSection(SolutionConfigurationPlatforms) = preSolution
		Debug|Any CPU = Debug|Any CPU
		Release|Any CPU = Release|Any CPU
	EndGlobalSection
	GlobalSection(ProjectConfigurationPlatforms) = postSolution
		{80107C66-49C5-4828-973C-45E9E349290F}.Debug|Any CPU.ActiveCfg = Debug|Any CPU
		{80107C66-49C5-4828-973C-45E9E349290F}.Debug|Any CPU.Build.0 = Debug|Any CPU
		{80107C66-49C5-4828-973C-45E9E349290F}.Release|Any CPU.ActiveCfg = Release|Any CPU
		{80107C66-49C5-4828-973C-45E9E349290F}.Release|Any CPU.Build.0 = Release|Any CPU
		{6279EC5D-4377-4B13-9518-003BE6CE5D16}.Debug|Any CPU.ActiveCfg = Debug|Any CPU
		{6279EC5D-4377-4B13-9518-003BE6CE5D16}.Debug|Any CPU.Build.0 = Debug|Any CPU
		{6279EC5D-4377-4B13-9518-003BE6CE5D16}.Release|Any CPU.ActiveCfg = Release|Any CPU
		{6279EC5D-4377-4B13-9518-003BE6CE5D16}.Release|Any CPU.Build.0 = Release|Any CPU
		{4688BCF6-A17F-47E7-A3EE-21F1DAF678EA}.Debug|Any CPU.ActiveCfg = Debug|Any CPU
		{4688BCF6-A17F-47E7-A3EE-21F1DAF678EA}.Debug|Any CPU.Build.0 = Debug|Any CPU
		{4688BCF6-A17F-47E7-A3EE-21F1DAF678EA}.Release|Any CPU.ActiveCfg = Release|Any CPU
		{4688BCF6-A17F-47E7-A3EE-21F1DAF678EA}.Release|Any CPU.Build.0 = Release|Any CPU
	EndGlobalSection
	GlobalSection(SolutionProperties) = preSolution
		HideSolutionNode = FALSE
	EndGlobalSection
	GlobalSection(ExtensibilityGlobals) = postSolution
		SolutionGuid = {A97E52E4-9DED-4AEE-9C30-C0D87A18E75B}
	EndGlobalSection
EndGlobal
